// !$*UTF8*$!
{
	archiveVersion = 1;
	classes = {
	};
	objectVersion = 50;
	objects = {

/* Begin PBXBuildFile section */
		671FB399246C850C00055FC9 /* Task.swift in Sources */ = {isa = PBXBuildFile; fileRef = 671FB398246C850C00055FC9 /* Task.swift */; };
		67DA577E2457202B00FFF36D /* AppDelegate.swift in Sources */ = {isa = PBXBuildFile; fileRef = 67DA577D2457202B00FFF36D /* AppDelegate.swift */; };
		67DA57802457202B00FFF36D /* SceneDelegate.swift in Sources */ = {isa = PBXBuildFile; fileRef = 67DA577F2457202B00FFF36D /* SceneDelegate.swift */; };
		67DA57822457202B00FFF36D /* ViewController.swift in Sources */ = {isa = PBXBuildFile; fileRef = 67DA57812457202B00FFF36D /* ViewController.swift */; };
		67DA57852457202B00FFF36D /* Main.storyboard in Resources */ = {isa = PBXBuildFile; fileRef = 67DA57832457202B00FFF36D /* Main.storyboard */; };
		67DA57872457202F00FFF36D /* Assets.xcassets in Resources */ = {isa = PBXBuildFile; fileRef = 67DA57862457202F00FFF36D /* Assets.xcassets */; };
		67DA578A2457202F00FFF36D /* LaunchScreen.storyboard in Resources */ = {isa = PBXBuildFile; fileRef = 67DA57882457202F00FFF36D /* LaunchScreen.storyboard */; };
/* End PBXBuildFile section */

/* Begin PBXFileReference section */
		671FB398246C850C00055FC9 /* Task.swift */ = {isa = PBXFileReference; lastKnownFileType = sourcecode.swift; path = Task.swift; sourceTree = "<group>"; };
		67DA577A2457202A00FFF36D /* 24 Hours.app */ = {isa = PBXFileReference; explicitFileType = wrapper.application; includeInIndex = 0; path = "24 Hours.app"; sourceTree = BUILT_PRODUCTS_DIR; };
		67DA577D2457202B00FFF36D /* AppDelegate.swift */ = {isa = PBXFileReference; lastKnownFileType = sourcecode.swift; path = AppDelegate.swift; sourceTree = "<group>"; };
		67DA577F2457202B00FFF36D /* SceneDelegate.swift */ = {isa = PBXFileReference; lastKnownFileType = sourcecode.swift; path = SceneDelegate.swift; sourceTree = "<group>"; };
		67DA57812457202B00FFF36D /* ViewController.swift */ = {isa = PBXFileReference; lastKnownFileType = sourcecode.swift; path = ViewController.swift; sourceTree = "<group>"; };
		67DA57842457202B00FFF36D /* Base */ = {isa = PBXFileReference; lastKnownFileType = file.storyboard; name = Base; path = Base.lproj/Main.storyboard; sourceTree = "<group>"; };
		67DA57862457202F00FFF36D /* Assets.xcassets */ = {isa = PBXFileReference; lastKnownFileType = folder.assetcatalog; path = Assets.xcassets; sourceTree = "<group>"; };
		67DA57892457202F00FFF36D /* Base */ = {isa = PBXFileReference; lastKnownFileType = file.storyboard; name = Base; path = Base.lproj/LaunchScreen.storyboard; sourceTree = "<group>"; };
		67DA578B2457202F00FFF36D /* Info.plist */ = {isa = PBXFileReference; lastKnownFileType = text.plist.xml; path = Info.plist; sourceTree = "<group>"; };
/* End PBXFileReference section */

/* Begin PBXFrameworksBuildPhase section */
		67DA57772457202A00FFF36D /* Frameworks */ = {
			isa = PBXFrameworksBuildPhase;
			buildActionMask = 2147483647;
			files = (
			);
			runOnlyForDeploymentPostprocessing = 0;
		};
/* End PBXFrameworksBuildPhase section */

/* Begin PBXGroup section */
		671FB395246C84C400055FC9 /* View */ = {
			isa = PBXGroup;
			children = (
				67DA57832457202B00FFF36D /* Main.storyboard */,
			);
			path = View;
			sourceTree = "<group>";
		};
		671FB396246C84CB00055FC9 /* Controller */ = {
			isa = PBXGroup;
			children = (
				67DA57812457202B00FFF36D /* ViewController.swift */,
			);
			path = Controller;
			sourceTree = "<group>";
		};
		671FB397246C84D800055FC9 /* Model */ = {
			isa = PBXGroup;
			children = (
				671FB398246C850C00055FC9 /* Task.swift */,
			);
			path = Model;
			sourceTree = "<group>";
		};
		67DA57712457202A00FFF36D = {
			isa = PBXGroup;
			children = (
				67DA577C2457202B00FFF36D /* 24 Hours */,
				67DA577B2457202A00FFF36D /* Products */,
			);
			sourceTree = "<group>";
		};
		67DA577B2457202A00FFF36D /* Products */ = {
			isa = PBXGroup;
			children = (
				67DA577A2457202A00FFF36D /* 24 Hours.app */,
			);
			name = Products;
			sourceTree = "<group>";
		};
		67DA577C2457202B00FFF36D /* 24 Hours */ = {
			isa = PBXGroup;
			children = (
				67DA577D2457202B00FFF36D /* AppDelegate.swift */,
				67DA577F2457202B00FFF36D /* SceneDelegate.swift */,
				671FB397246C84D800055FC9 /* Model */,
				671FB395246C84C400055FC9 /* View */,
				671FB396246C84CB00055FC9 /* Controller */,
				67DA57862457202F00FFF36D /* Assets.xcassets */,
				67DA57882457202F00FFF36D /* LaunchScreen.storyboard */,
				67DA578B2457202F00FFF36D /* Info.plist */,
			);
			path = "24 Hours";
			sourceTree = "<group>";
		};
/* End PBXGroup section */

/* Begin PBXNativeTarget section */
		67DA57792457202A00FFF36D /* 24 Hours */ = {
			isa = PBXNativeTarget;
			buildConfigurationList = 67DA578E2457202F00FFF36D /* Build configuration list for PBXNativeTarget "24 Hours" */;
			buildPhases = (
				67DA57762457202A00FFF36D /* Sources */,
				67DA57772457202A00FFF36D /* Frameworks */,
				67DA57782457202A00FFF36D /* Resources */,
			);
			buildRules = (
			);
			dependencies = (
			);
			name = "24 Hours";
			productName = 24;
			productReference = 67DA577A2457202A00FFF36D /* 24 Hours.app */;
			productType = "com.apple.product-type.application";
		};
/* End PBXNativeTarget section */

/* Begin PBXProject section */
		67DA57722457202A00FFF36D /* Project object */ = {
			isa = PBXProject;
			attributes = {
				LastSwiftUpdateCheck = 1130;
				LastUpgradeCheck = 1130;
				ORGANIZATIONNAME = "Harsimranjit Dhaliwal";
				TargetAttributes = {
					67DA57792457202A00FFF36D = {
						CreatedOnToolsVersion = 11.3.1;
					};
				};
			};
			buildConfigurationList = 67DA57752457202A00FFF36D /* Build configuration list for PBXProject "24 Hours" */;
			compatibilityVersion = "Xcode 9.3";
			developmentRegion = en;
			hasScannedForEncodings = 0;
			knownRegions = (
				en,
				Base,
			);
			mainGroup = 67DA57712457202A00FFF36D;
			productRefGroup = 67DA577B2457202A00FFF36D /* Products */;
			projectDirPath = "";
			projectRoot = "";
			targets = (
				67DA57792457202A00FFF36D /* 24 Hours */,
			);
		};
/* End PBXProject section */

/* Begin PBXResourcesBuildPhase section */
		67DA57782457202A00FFF36D /* Resources */ = {
			isa = PBXResourcesBuildPhase;
			buildActionMask = 2147483647;
			files = (
				67DA578A2457202F00FFF36D /* LaunchScreen.storyboard in Resources */,
				67DA57872457202F00FFF36D /* Assets.xcassets in Resources */,
				67DA57852457202B00FFF36D /* Main.storyboard in Resources */,
			);
			runOnlyForDeploymentPostprocessing = 0;
		};
/* End PBXResourcesBuildPhase section */

/* Begin PBXSourcesBuildPhase section */
		67DA57762457202A00FFF36D /* Sources */ = {
			isa = PBXSourcesBuildPhase;
			buildActionMask = 2147483647;
			files = (
				671FB399246C850C00055FC9 /* Task.swift in Sources */,
				67DA57822457202B00FFF36D /* ViewController.swift in Sources */,
				67DA577E2457202B00FFF36D /* AppDelegate.swift in Sources */,
				67DA57802457202B00FFF36D /* SceneDelegate.swift in Sources */,
			);
			runOnlyForDeploymentPostprocessing = 0;
		};
/* End PBXSourcesBuildPhase section */

/* Begin PBXVariantGroup section */
		67DA57832457202B00FFF36D /* Main.storyboard */ = {
			isa = PBXVariantGroup;
			children = (
				67DA57842457202B00FFF36D /* Base */,
			);
			name = Main.storyboard;
			sourceTree = "<group>";
		};
		67DA57882457202F00FFF36D /* LaunchScreen.storyboard */ = {
			isa = PBXVariantGroup;
			children = (
				67DA57892457202F00FFF36D /* Base */,
			);
			name = LaunchScreen.storyboard;
			sourceTree = "<group>";
		};
/* End PBXVariantGroup section */

/* Begin XCBuildConfiguration section */
		67DA578C2457202F00FFF36D /* Debug */ = {
			isa = XCBuildConfiguration;
			buildSettings = {
				ALWAYS_SEARCH_USER_PATHS = NO;
				CLANG_ANALYZER_NONNULL = YES;
				CLANG_ANALYZER_NUMBER_OBJECT_CONVERSION = YES_AGGRESSIVE;
				CLANG_CXX_LANGUAGE_STANDARD = "gnu++14";
				CLANG_CXX_LIBRARY = "libc++";
				CLANG_ENABLE_MODULES = YES;
				CLANG_ENABLE_OBJC_ARC = YES;
				CLANG_ENABLE_OBJC_WEAK = YES;
				CLANG_WARN_BLOCK_CAPTURE_AUTORELEASING = YES;
				CLANG_WARN_BOOL_CONVERSION = YES;
				CLANG_WARN_COMMA = YES;
				CLANG_WARN_CONSTANT_CONVERSION = YES;
				CLANG_WARN_DEPRECATED_OBJC_IMPLEMENTATIONS = YES;
				CLANG_WARN_DIRECT_OBJC_ISA_USAGE = YES_ERROR;
				CLANG_WARN_DOCUMENTATION_COMMENTS = YES;
				CLANG_WARN_EMPTY_BODY = YES;
				CLANG_WARN_ENUM_CONVERSION = YES;
				CLANG_WARN_INFINITE_RECURSION = YES;
				CLANG_WARN_INT_CONVERSION = YES;
				CLANG_WARN_NON_LITERAL_NULL_CONVERSION = YES;
				CLANG_WARN_OBJC_IMPLICIT_RETAIN_SELF = YES;
				CLANG_WARN_OBJC_LITERAL_CONVERSION = YES;
				CLANG_WARN_OBJC_ROOT_CLASS = YES_ERROR;
				CLANG_WARN_RANGE_LOOP_ANALYSIS = YES;
				CLANG_WARN_STRICT_PROTOTYPES = YES;
				CLANG_WARN_SUSPICIOUS_MOVE = YES;
				CLANG_WARN_UNGUARDED_AVAILABILITY = YES_AGGRESSIVE;
				CLANG_WARN_UNREACHABLE_CODE = YES;
				CLANG_WARN__DUPLICATE_METHOD_MATCH = YES;
				COPY_PHASE_STRIP = NO;
				DEBUG_INFORMATION_FORMAT = dwarf;
				ENABLE_STRICT_OBJC_MSGSEND = YES;
				ENABLE_TESTABILITY = YES;
				GCC_C_LANGUAGE_STANDARD = gnu11;
				GCC_DYNAMIC_NO_PIC = NO;
				GCC_NO_COMMON_BLOCKS = YES;
				GCC_OPTIMIZATION_LEVEL = 0;
				GCC_PREPROCESSOR_DEFINITIONS = (
					"DEBUG=1",
					"$(inherited)",
				);
				GCC_WARN_64_TO_32_BIT_CONVERSION = YES;
				GCC_WARN_ABOUT_RETURN_TYPE = YES_ERROR;
				GCC_WARN_UNDECLARED_SELECTOR = YES;
				GCC_WARN_UNINITIALIZED_AUTOS = YES_AGGRESSIVE;
				GCC_WARN_UNUSED_FUNCTION = YES;
				GCC_WARN_UNUSED_VARIABLE = YES;
				IPHONEOS_DEPLOYMENT_TARGET = 13.2;
				MTL_ENABLE_DEBUG_INFO = INCLUDE_SOURCE;
				MTL_FAST_MATH = YES;
				ONLY_ACTIVE_ARCH = YES;
				SDKROOT = iphoneos;
				SWIFT_ACTIVE_COMPILATION_CONDITIONS = DEBUG;
				SWIFT_OPTIMIZATION_LEVEL = "-Onone";
			};
			name = Debug;
		};
		67DA578D2457202F00FFF36D /* Release */ = {
			isa = XCBuildConfiguration;
			buildSettings = {
				ALWAYS_SEARCH_USER_PATHS = NO;
				CLANG_ANALYZER_NONNULL = YES;
				CLANG_ANALYZER_NUMBER_OBJECT_CONVERSION = YES_AGGRESSIVE;
				CLANG_CXX_LANGUAGE_STANDARD = "gnu++14";
				CLANG_CXX_LIBRARY = "libc++";
				CLANG_ENABLE_MODULES = YES;
				CLANG_ENABLE_OBJC_ARC = YES;
				CLANG_ENABLE_OBJC_WEAK = YES;
				CLANG_WARN_BLOCK_CAPTURE_AUTORELEASING = YES;
				CLANG_WARN_BOOL_CONVERSION = YES;
				CLANG_WARN_COMMA = YES;
				CLANG_WARN_CONSTANT_CONVERSION = YES;
				CLANG_WARN_DEPRECATED_OBJC_IMPLEMENTATIONS = YES;
				CLANG_WARN_DIRECT_OBJC_ISA_USAGE = YES_ERROR;
				CLANG_WARN_DOCUMENTATION_COMMENTS = YES;
				CLANG_WARN_EMPTY_BODY = YES;
				CLANG_WARN_ENUM_CONVERSION = YES;
				CLANG_WARN_INFINITE_RECURSION = YES;
				CLANG_WARN_INT_CONVERSION = YES;
				CLANG_WARN_NON_LITERAL_NULL_CONVERSION = YES;
				CLANG_WARN_OBJC_IMPLICIT_RETAIN_SELF = YES;
				CLANG_WARN_OBJC_LITERAL_CONVERSION = YES;
				CLANG_WARN_OBJC_ROOT_CLASS = YES_ERROR;
				CLANG_WARN_RANGE_LOOP_ANALYSIS = YES;
				CLANG_WARN_STRICT_PROTOTYPES = YES;
				CLANG_WARN_SUSPICIOUS_MOVE = YES;
				CLANG_WARN_UNGUARDED_AVAILABILITY = YES_AGGRESSIVE;
				CLANG_WARN_UNREACHABLE_CODE = YES;
				CLANG_WARN__DUPLICATE_METHOD_MATCH = YES;
				COPY_PHASE_STRIP = NO;
				DEBUG_INFORMATION_FORMAT = "dwarf-with-dsym";
				ENABLE_NS_ASSERTIONS = NO;
				ENABLE_STRICT_OBJC_MSGSEND = YES;
				GCC_C_LANGUAGE_STANDARD = gnu11;
				GCC_NO_COMMON_BLOCKS = YES;
				GCC_WARN_64_TO_32_BIT_CONVERSION = YES;
				GCC_WARN_ABOUT_RETURN_TYPE = YES_ERROR;
				GCC_WARN_UNDECLARED_SELECTOR = YES;
				GCC_WARN_UNINITIALIZED_AUTOS = YES_AGGRESSIVE;
				GCC_WARN_UNUSED_FUNCTION = YES;
				GCC_WARN_UNUSED_VARIABLE = YES;
				IPHONEOS_DEPLOYMENT_TARGET = 13.2;
				MTL_ENABLE_DEBUG_INFO = NO;
				MTL_FAST_MATH = YES;
				SDKROOT = iphoneos;
				SWIFT_COMPILATION_MODE = wholemodule;
				SWIFT_OPTIMIZATION_LEVEL = "-O";
				VALIDATE_PRODUCT = YES;
			};
			name = Release;
		};
		67DA578F2457202F00FFF36D /* Debug */ = {
			isa = XCBuildConfiguration;
			buildSettings = {
				ASSETCATALOG_COMPILER_APPICON_NAME = AppIcon;
				CODE_SIGN_STYLE = Automatic;
				DEVELOPMENT_TEAM = XB8P7UXMLK;
				INFOPLIST_FILE = "24 Hours/Info.plist";
				IPHONEOS_DEPLOYMENT_TARGET = 13.0;
				LD_RUNPATH_SEARCH_PATHS = (
					"$(inherited)",
					"@executable_path/Frameworks",
				);
				PRODUCT_BUNDLE_IDENTIFIER = "com.hdyadu.24-Hours";
				PRODUCT_NAME = "$(TARGET_NAME)";
				SWIFT_VERSION = 5.0;
				TARGETED_DEVICE_FAMILY = "1,2";
			};
			name = Debug;
		};
		67DA57902457202F00FFF36D /* Release */ = {
			isa = XCBuildConfiguration;
			buildSettings = {
				ASSETCATALOG_COMPILER_APPICON_NAME = AppIcon;
				CODE_SIGN_STYLE = Automatic;
				DEVELOPMENT_TEAM = XB8P7UXMLK;
				INFOPLIST_FILE = "24 Hours/Info.plist";
				IPHONEOS_DEPLOYMENT_TARGET = 13.0;
				LD_RUNPATH_SEARCH_PATHS = (
					"$(inherited)",
					"@executable_path/Frameworks",
				);
				PRODUCT_BUNDLE_IDENTIFIER = "com.hdyadu.24-Hours";
				PRODUCT_NAME = "$(TARGET_NAME)";
				SWIFT_VERSION = 5.0;
				TARGETED_DEVICE_FAMILY = "1,2";
			};
			name = Release;
		};
/* End XCBuildConfiguration section */

/* Begin XCConfigurationList section */
		67DA57752457202A00FFF36D /* Build configuration list for PBXProject "24 Hours" */ = {
			isa = XCConfigurationList;
			buildConfigurations = (
				67DA578C2457202F00FFF36D /* Debug */,
				67DA578D2457202F00FFF36D /* Release */,
			);
			defaultConfigurationIsVisible = 0;
			defaultConfigurationName = Release;
		};
		67DA578E2457202F00FFF36D /* Build configuration list for PBXNativeTarget "24 Hours" */ = {
			isa = XCConfigurationList;
			buildConfigurations = (
				67DA578F2457202F00FFF36D /* Debug */,
				67DA57902457202F00FFF36D /* Release */,
			);
			defaultConfigurationIsVisible = 0;
			defaultConfigurationName = Release;
		};
/* End XCConfigurationList section */
	};
	rootObject = 67DA57722457202A00FFF36D /* Project object */;
}
